// !$*UTF8*$!
{
	archiveVersion = 1;
	classes = {
	};
	objectVersion = 56;
	objects = {

/* Begin PBXBuildFile section */
		A9019B2B2C1F63B200EB6654 /* PreviewProvider+Extension.swift in Sources */ = {isa = PBXBuildFile; fileRef = A9019B2A2C1F63B200EB6654 /* PreviewProvider+Extension.swift */; };
		A9019B2D2C1F651C00EB6654 /* CoinRowView.swift in Sources */ = {isa = PBXBuildFile; fileRef = A9019B2C2C1F651C00EB6654 /* CoinRowView.swift */; };
		A9019B2F2C1F6C5600EB6654 /* Double+Extension.swift in Sources */ = {isa = PBXBuildFile; fileRef = A9019B2E2C1F6C5600EB6654 /* Double+Extension.swift */; };
		A9019B312C20CED700EB6654 /* HomeViewModel.swift in Sources */ = {isa = PBXBuildFile; fileRef = A9019B302C20CED700EB6654 /* HomeViewModel.swift */; };
		A9019B342C22172C00EB6654 /* CoinDataService.swift in Sources */ = {isa = PBXBuildFile; fileRef = A9019B332C22172C00EB6654 /* CoinDataService.swift */; };
		A9019B372C221DB800EB6654 /* NetworkingManager.swift in Sources */ = {isa = PBXBuildFile; fileRef = A9019B362C221DB800EB6654 /* NetworkingManager.swift */; };
		A90571792C25FCE100CA1063 /* CoinImageViewModel.swift in Sources */ = {isa = PBXBuildFile; fileRef = A90571782C25FCE100CA1063 /* CoinImageViewModel.swift */; };
		A905717B2C2602BD00CA1063 /* LocalFileManager.swift in Sources */ = {isa = PBXBuildFile; fileRef = A905717A2C2602BD00CA1063 /* LocalFileManager.swift */; };
		A905717D2C260ED300CA1063 /* SearchBarView.swift in Sources */ = {isa = PBXBuildFile; fileRef = A905717C2C260ED300CA1063 /* SearchBarView.swift */; };
		A909273D2C2DFDAB00428408 /* ChartView.swift in Sources */ = {isa = PBXBuildFile; fileRef = A909273C2C2DFDAB00428408 /* ChartView.swift */; };
		A909273F2C2DFE1300428408 /* Date+Extension.swift in Sources */ = {isa = PBXBuildFile; fileRef = A909273E2C2DFE1300428408 /* Date+Extension.swift */; };
		A90927432C2E06B700428408 /* SettingsView.swift in Sources */ = {isa = PBXBuildFile; fileRef = A90927422C2E06B700428408 /* SettingsView.swift */; };
		A90927472C2E0B2C00428408 /* LaunchScreen.storyboard in Resources */ = {isa = PBXBuildFile; fileRef = A90927462C2E0B2C00428408 /* LaunchScreen.storyboard */; };
		A90927492C2E14B600428408 /* LaunchView.swift in Sources */ = {isa = PBXBuildFile; fileRef = A90927482C2E14B600428408 /* LaunchView.swift */; };
		A91421EC2C274ECA006A701E /* UIApplication.swift in Sources */ = {isa = PBXBuildFile; fileRef = A91421EB2C274ECA006A701E /* UIApplication.swift */; };
		A9297F9C2C1E212600089189 /* CircleButtonAnimationView.swift in Sources */ = {isa = PBXBuildFile; fileRef = A9297F9B2C1E212600089189 /* CircleButtonAnimationView.swift */; };
		A9297F9F2C1E267700089189 /* CoinModel.swift in Sources */ = {isa = PBXBuildFile; fileRef = A9297F9E2C1E267700089189 /* CoinModel.swift */; };
		A92C086F2C29F9480025217B /* MarketDataModel.swift in Sources */ = {isa = PBXBuildFile; fileRef = A92C086E2C29F9480025217B /* MarketDataModel.swift */; };
		A92C08712C29FADE0025217B /* MarketDataService.swift in Sources */ = {isa = PBXBuildFile; fileRef = A92C08702C29FADE0025217B /* MarketDataService.swift */; };
		A92C08732C2AB8710025217B /* PortfolioView.swift in Sources */ = {isa = PBXBuildFile; fileRef = A92C08722C2AB8710025217B /* PortfolioView.swift */; };
		A92C08752C2ABED30025217B /* XMarkButton.swift in Sources */ = {isa = PBXBuildFile; fileRef = A92C08742C2ABED30025217B /* XMarkButton.swift */; };
		A92C08772C2ACB050025217B /* CoinLogoView.swift in Sources */ = {isa = PBXBuildFile; fileRef = A92C08762C2ACB050025217B /* CoinLogoView.swift */; };
		A92C08792C2ACC470025217B /* PortfolioDataService.swift in Sources */ = {isa = PBXBuildFile; fileRef = A92C08782C2ACC470025217B /* PortfolioDataService.swift */; };
		A92C087C2C2AD8EA0025217B /* PortfolioContainer.xcdatamodeld in Sources */ = {isa = PBXBuildFile; fileRef = A92C087A2C2AD8EA0025217B /* PortfolioContainer.xcdatamodeld */; };
		A92C087E2C2ADF6E0025217B /* HapticManager.swift in Sources */ = {isa = PBXBuildFile; fileRef = A92C087D2C2ADF6E0025217B /* HapticManager.swift */; };
		A92C08842C2AEC4B0025217B /* DetailView.swift in Sources */ = {isa = PBXBuildFile; fileRef = A92C08832C2AEC4B0025217B /* DetailView.swift */; };
		A95FD68D2C28B83A00195625 /* StatisticModel.swift in Sources */ = {isa = PBXBuildFile; fileRef = A95FD68C2C28B83A00195625 /* StatisticModel.swift */; };
		A95FD68F2C28B8ED00195625 /* StatisticView.swift in Sources */ = {isa = PBXBuildFile; fileRef = A95FD68E2C28B8ED00195625 /* StatisticView.swift */; };
		A95FD6912C28BB4C00195625 /* HomeStatsView.swift in Sources */ = {isa = PBXBuildFile; fileRef = A95FD6902C28BB4C00195625 /* HomeStatsView.swift */; };
		A9C63F2D2C1B8185000FB14A /* SampleCryptoAppApp.swift in Sources */ = {isa = PBXBuildFile; fileRef = A9C63F2C2C1B8185000FB14A /* SampleCryptoAppApp.swift */; };
		A9C63F342C1B8186000FB14A /* Preview Assets.xcassets in Resources */ = {isa = PBXBuildFile; fileRef = A9C63F332C1B8186000FB14A /* Preview Assets.xcassets */; };
		A9C63F402C1B8348000FB14A /* Assets.xcassets in Resources */ = {isa = PBXBuildFile; fileRef = A9C63F3F2C1B8348000FB14A /* Assets.xcassets */; };
		A9C63F432C1B8455000FB14A /* Color+Extension.swift in Sources */ = {isa = PBXBuildFile; fileRef = A9C63F422C1B8455000FB14A /* Color+Extension.swift */; };
		A9D25A722C1CD57500F34A24 /* HomeView.swift in Sources */ = {isa = PBXBuildFile; fileRef = A9D25A712C1CD57500F34A24 /* HomeView.swift */; };
		A9D25A762C1CDDA600F34A24 /* CircleButtonView.swift in Sources */ = {isa = PBXBuildFile; fileRef = A9D25A752C1CDDA600F34A24 /* CircleButtonView.swift */; };
		A9D4C2162C2CA8DC00C91530 /* CoinDetailModel.swift in Sources */ = {isa = PBXBuildFile; fileRef = A9D4C2152C2CA8DC00C91530 /* CoinDetailModel.swift */; };
		A9D4C21A2C2CA99D00C91530 /* String+Extension.swift in Sources */ = {isa = PBXBuildFile; fileRef = A9D4C2192C2CA99D00C91530 /* String+Extension.swift */; };
		A9D4C21C2C2CAA4100C91530 /* CoinDetailDataService.swift in Sources */ = {isa = PBXBuildFile; fileRef = A9D4C21B2C2CAA4100C91530 /* CoinDetailDataService.swift */; };
		A9D4C21E2C2CAB1A00C91530 /* DetailViewModel.swift in Sources */ = {isa = PBXBuildFile; fileRef = A9D4C21D2C2CAB1A00C91530 /* DetailViewModel.swift */; };
		A9F0213D2C24C363006EC1CF /* CoinImageView.swift in Sources */ = {isa = PBXBuildFile; fileRef = A9F0213C2C24C363006EC1CF /* CoinImageView.swift */; };
		A9F0213F2C24C5B9006EC1CF /* CoinImageService.swift in Sources */ = {isa = PBXBuildFile; fileRef = A9F0213E2C24C5B9006EC1CF /* CoinImageService.swift */; };
/* End PBXBuildFile section */

/* Begin PBXFileReference section */
		A9019B2A2C1F63B200EB6654 /* PreviewProvider+Extension.swift */ = {isa = PBXFileReference; lastKnownFileType = sourcecode.swift; path = "PreviewProvider+Extension.swift"; sourceTree = "<group>"; };
		A9019B2C2C1F651C00EB6654 /* CoinRowView.swift */ = {isa = PBXFileReference; lastKnownFileType = sourcecode.swift; path = CoinRowView.swift; sourceTree = "<group>"; };
		A9019B2E2C1F6C5600EB6654 /* Double+Extension.swift */ = {isa = PBXFileReference; lastKnownFileType = sourcecode.swift; path = "Double+Extension.swift"; sourceTree = "<group>"; };
		A9019B302C20CED700EB6654 /* HomeViewModel.swift */ = {isa = PBXFileReference; lastKnownFileType = sourcecode.swift; path = HomeViewModel.swift; sourceTree = "<group>"; };
		A9019B332C22172C00EB6654 /* CoinDataService.swift */ = {isa = PBXFileReference; lastKnownFileType = sourcecode.swift; path = CoinDataService.swift; sourceTree = "<group>"; };
		A9019B362C221DB800EB6654 /* NetworkingManager.swift */ = {isa = PBXFileReference; lastKnownFileType = sourcecode.swift; path = NetworkingManager.swift; sourceTree = "<group>"; };
		A90571782C25FCE100CA1063 /* CoinImageViewModel.swift */ = {isa = PBXFileReference; lastKnownFileType = sourcecode.swift; path = CoinImageViewModel.swift; sourceTree = "<group>"; };
		A905717A2C2602BD00CA1063 /* LocalFileManager.swift */ = {isa = PBXFileReference; lastKnownFileType = sourcecode.swift; path = LocalFileManager.swift; sourceTree = "<group>"; };
		A905717C2C260ED300CA1063 /* SearchBarView.swift */ = {isa = PBXFileReference; lastKnownFileType = sourcecode.swift; path = SearchBarView.swift; sourceTree = "<group>"; };
		A909273C2C2DFDAB00428408 /* ChartView.swift */ = {isa = PBXFileReference; lastKnownFileType = sourcecode.swift; path = ChartView.swift; sourceTree = "<group>"; };
		A909273E2C2DFE1300428408 /* Date+Extension.swift */ = {isa = PBXFileReference; lastKnownFileType = sourcecode.swift; path = "Date+Extension.swift"; sourceTree = "<group>"; };
		A90927422C2E06B700428408 /* SettingsView.swift */ = {isa = PBXFileReference; lastKnownFileType = sourcecode.swift; path = SettingsView.swift; sourceTree = "<group>"; };
		A90927462C2E0B2C00428408 /* LaunchScreen.storyboard */ = {isa = PBXFileReference; lastKnownFileType = file.storyboard; path = LaunchScreen.storyboard; sourceTree = "<group>"; };
		A90927482C2E14B600428408 /* LaunchView.swift */ = {isa = PBXFileReference; lastKnownFileType = sourcecode.swift; path = LaunchView.swift; sourceTree = "<group>"; };
		A91421EB2C274ECA006A701E /* UIApplication.swift */ = {isa = PBXFileReference; lastKnownFileType = sourcecode.swift; path = UIApplication.swift; sourceTree = "<group>"; };
		A9297F9B2C1E212600089189 /* CircleButtonAnimationView.swift */ = {isa = PBXFileReference; lastKnownFileType = sourcecode.swift; path = CircleButtonAnimationView.swift; sourceTree = "<group>"; };
		A9297F9E2C1E267700089189 /* CoinModel.swift */ = {isa = PBXFileReference; lastKnownFileType = sourcecode.swift; path = CoinModel.swift; sourceTree = "<group>"; };
		A92C086E2C29F9480025217B /* MarketDataModel.swift */ = {isa = PBXFileReference; lastKnownFileType = sourcecode.swift; path = MarketDataModel.swift; sourceTree = "<group>"; };
		A92C08702C29FADE0025217B /* MarketDataService.swift */ = {isa = PBXFileReference; lastKnownFileType = sourcecode.swift; path = MarketDataService.swift; sourceTree = "<group>"; };
		A92C08722C2AB8710025217B /* PortfolioView.swift */ = {isa = PBXFileReference; lastKnownFileType = sourcecode.swift; path = PortfolioView.swift; sourceTree = "<group>"; };
		A92C08742C2ABED30025217B /* XMarkButton.swift */ = {isa = PBXFileReference; lastKnownFileType = sourcecode.swift; path = XMarkButton.swift; sourceTree = "<group>"; };
		A92C08762C2ACB050025217B /* CoinLogoView.swift */ = {isa = PBXFileReference; lastKnownFileType = sourcecode.swift; path = CoinLogoView.swift; sourceTree = "<group>"; };
		A92C08782C2ACC470025217B /* PortfolioDataService.swift */ = {isa = PBXFileReference; lastKnownFileType = sourcecode.swift; path = PortfolioDataService.swift; sourceTree = "<group>"; };
		A92C087B2C2AD8EA0025217B /* PortfolioContainer.xcdatamodel */ = {isa = PBXFileReference; lastKnownFileType = wrapper.xcdatamodel; path = PortfolioContainer.xcdatamodel; sourceTree = "<group>"; };
		A92C087D2C2ADF6E0025217B /* HapticManager.swift */ = {isa = PBXFileReference; lastKnownFileType = sourcecode.swift; path = HapticManager.swift; sourceTree = "<group>"; };
		A92C08832C2AEC4B0025217B /* DetailView.swift */ = {isa = PBXFileReference; lastKnownFileType = sourcecode.swift; path = DetailView.swift; sourceTree = "<group>"; };
		A95FD68C2C28B83A00195625 /* StatisticModel.swift */ = {isa = PBXFileReference; lastKnownFileType = sourcecode.swift; path = StatisticModel.swift; sourceTree = "<group>"; };
		A95FD68E2C28B8ED00195625 /* StatisticView.swift */ = {isa = PBXFileReference; lastKnownFileType = sourcecode.swift; path = StatisticView.swift; sourceTree = "<group>"; };
		A95FD6902C28BB4C00195625 /* HomeStatsView.swift */ = {isa = PBXFileReference; lastKnownFileType = sourcecode.swift; path = HomeStatsView.swift; sourceTree = "<group>"; };
		A9C63F292C1B8185000FB14A /* SampleCryptoApp.app */ = {isa = PBXFileReference; explicitFileType = wrapper.application; includeInIndex = 0; path = SampleCryptoApp.app; sourceTree = BUILT_PRODUCTS_DIR; };
		A9C63F2C2C1B8185000FB14A /* SampleCryptoAppApp.swift */ = {isa = PBXFileReference; lastKnownFileType = sourcecode.swift; path = SampleCryptoAppApp.swift; sourceTree = "<group>"; };
		A9C63F332C1B8186000FB14A /* Preview Assets.xcassets */ = {isa = PBXFileReference; lastKnownFileType = folder.assetcatalog; path = "Preview Assets.xcassets"; sourceTree = "<group>"; };
		A9C63F3F2C1B8348000FB14A /* Assets.xcassets */ = {isa = PBXFileReference; lastKnownFileType = folder.assetcatalog; path = Assets.xcassets; sourceTree = "<group>"; };
		A9C63F422C1B8455000FB14A /* Color+Extension.swift */ = {isa = PBXFileReference; lastKnownFileType = sourcecode.swift; path = "Color+Extension.swift"; sourceTree = "<group>"; };
		A9D25A712C1CD57500F34A24 /* HomeView.swift */ = {isa = PBXFileReference; lastKnownFileType = sourcecode.swift; path = HomeView.swift; sourceTree = "<group>"; };
		A9D25A752C1CDDA600F34A24 /* CircleButtonView.swift */ = {isa = PBXFileReference; lastKnownFileType = sourcecode.swift; path = CircleButtonView.swift; sourceTree = "<group>"; };
		A9D4C2152C2CA8DC00C91530 /* CoinDetailModel.swift */ = {isa = PBXFileReference; lastKnownFileType = sourcecode.swift; path = CoinDetailModel.swift; sourceTree = "<group>"; };
		A9D4C2192C2CA99D00C91530 /* String+Extension.swift */ = {isa = PBXFileReference; lastKnownFileType = sourcecode.swift; path = "String+Extension.swift"; sourceTree = "<group>"; };
		A9D4C21B2C2CAA4100C91530 /* CoinDetailDataService.swift */ = {isa = PBXFileReference; lastKnownFileType = sourcecode.swift; path = CoinDetailDataService.swift; sourceTree = "<group>"; };
		A9D4C21D2C2CAB1A00C91530 /* DetailViewModel.swift */ = {isa = PBXFileReference; lastKnownFileType = sourcecode.swift; path = DetailViewModel.swift; sourceTree = "<group>"; };
		A9F0213C2C24C363006EC1CF /* CoinImageView.swift */ = {isa = PBXFileReference; lastKnownFileType = sourcecode.swift; path = CoinImageView.swift; sourceTree = "<group>"; };
		A9F0213E2C24C5B9006EC1CF /* CoinImageService.swift */ = {isa = PBXFileReference; lastKnownFileType = sourcecode.swift; path = CoinImageService.swift; sourceTree = "<group>"; };
/* End PBXFileReference section */

/* Begin PBXFrameworksBuildPhase section */
		A9C63F262C1B8185000FB14A /* Frameworks */ = {
			isa = PBXFrameworksBuildPhase;
			buildActionMask = 2147483647;
			files = (
			);
			runOnlyForDeploymentPostprocessing = 0;
		};
/* End PBXFrameworksBuildPhase section */

/* Begin PBXGroup section */
		A9019B322C2207A900EB6654 /* Servieces */ = {
			isa = PBXGroup;
			children = (
				A9019B332C22172C00EB6654 /* CoinDataService.swift */,
				A9F0213E2C24C5B9006EC1CF /* CoinImageService.swift */,
				A92C08702C29FADE0025217B /* MarketDataService.swift */,
				A92C08782C2ACC470025217B /* PortfolioDataService.swift */,
				A9D4C21B2C2CAA4100C91530 /* CoinDetailDataService.swift */,
			);
			path = Servieces;
			sourceTree = "<group>";
		};
		A9019B352C221D8D00EB6654 /* Utilities */ = {
			isa = PBXGroup;
			children = (
				A9019B362C221DB800EB6654 /* NetworkingManager.swift */,
				A905717A2C2602BD00CA1063 /* LocalFileManager.swift */,
				A92C087D2C2ADF6E0025217B /* HapticManager.swift */,
			);
			path = Utilities;
			sourceTree = "<group>";
		};
		A90927402C2E064F00428408 /* Setting */ = {
			isa = PBXGroup;
			children = (
				A90927412C2E066E00428408 /* Views */,
			);
			path = Setting;
			sourceTree = "<group>";
		};
		A90927412C2E066E00428408 /* Views */ = {
			isa = PBXGroup;
			children = (
				A90927422C2E06B700428408 /* SettingsView.swift */,
			);
			path = Views;
			sourceTree = "<group>";
		};
		A90927442C2E0B0B00428408 /* Launch */ = {
			isa = PBXGroup;
			children = (
				A90927452C2E0B1B00428408 /* Views */,
			);
			path = Launch;
			sourceTree = "<group>";
		};
		A90927452C2E0B1B00428408 /* Views */ = {
			isa = PBXGroup;
			children = (
				A90927462C2E0B2C00428408 /* LaunchScreen.storyboard */,
				A90927482C2E14B600428408 /* LaunchView.swift */,
			);
			path = Views;
			sourceTree = "<group>";
		};
		A9297F9D2C1E266000089189 /* Models */ = {
			isa = PBXGroup;
			children = (
				A9297F9E2C1E267700089189 /* CoinModel.swift */,
				A95FD68C2C28B83A00195625 /* StatisticModel.swift */,
				A92C086E2C29F9480025217B /* MarketDataModel.swift */,
				A9D4C2152C2CA8DC00C91530 /* CoinDetailModel.swift */,
				A92C087A2C2AD8EA0025217B /* PortfolioContainer.xcdatamodeld */,
			);
			path = Models;
			sourceTree = "<group>";
		};
		A92C087F2C2AEBEB0025217B /* Home */ = {
			isa = PBXGroup;
			children = (
				A9D25A702C1CD4D100F34A24 /* Views */,
				A9D25A6F2C1CD4C400F34A24 /* ViewModels */,
			);
			path = Home;
			sourceTree = "<group>";
		};
		A92C08802C2AEBFD0025217B /* Detail */ = {
			isa = PBXGroup;
			children = (
				A92C08812C2AEC100025217B /* Views */,
				A92C08822C2AEC180025217B /* ViewModels */,
			);
			path = Detail;
			sourceTree = "<group>";
		};
		A92C08812C2AEC100025217B /* Views */ = {
			isa = PBXGroup;
			children = (
				A92C08832C2AEC4B0025217B /* DetailView.swift */,
				A909273C2C2DFDAB00428408 /* ChartView.swift */,
			);
			path = Views;
			sourceTree = "<group>";
		};
		A92C08822C2AEC180025217B /* ViewModels */ = {
			isa = PBXGroup;
			children = (
				A9D4C21D2C2CAB1A00C91530 /* DetailViewModel.swift */,
			);
			path = ViewModels;
			sourceTree = "<group>";
		};
		A9C63F202C1B8185000FB14A = {
			isa = PBXGroup;
			children = (
				A9C63F2B2C1B8185000FB14A /* SampleCryptoApp */,
				A9C63F2A2C1B8185000FB14A /* Products */,
			);
			sourceTree = "<group>";
		};
		A9C63F2A2C1B8185000FB14A /* Products */ = {
			isa = PBXGroup;
			children = (
				A9C63F292C1B8185000FB14A /* SampleCryptoApp.app */,
			);
			name = Products;
			sourceTree = "<group>";
		};
		A9C63F2B2C1B8185000FB14A /* SampleCryptoApp */ = {
			isa = PBXGroup;
			children = (
				A9C63F2C2C1B8185000FB14A /* SampleCryptoAppApp.swift */,
				A9019B352C221D8D00EB6654 /* Utilities */,
				A9019B322C2207A900EB6654 /* Servieces */,
				A9297F9D2C1E266000089189 /* Models */,
				A9D25A6E2C1CD49F00F34A24 /* Core */,
				A9C63F412C1B8417000FB14A /* Extensions */,
				A9C63F3F2C1B8348000FB14A /* Assets.xcassets */,
				A9C63F322C1B8186000FB14A /* Preview Content */,
			);
			path = SampleCryptoApp;
			sourceTree = "<group>";
		};
		A9C63F322C1B8186000FB14A /* Preview Content */ = {
			isa = PBXGroup;
			children = (
				A9C63F332C1B8186000FB14A /* Preview Assets.xcassets */,
			);
			path = "Preview Content";
			sourceTree = "<group>";
		};
		A9C63F412C1B8417000FB14A /* Extensions */ = {
			isa = PBXGroup;
			children = (
				A9C63F422C1B8455000FB14A /* Color+Extension.swift */,
				A9019B2A2C1F63B200EB6654 /* PreviewProvider+Extension.swift */,
				A9019B2E2C1F6C5600EB6654 /* Double+Extension.swift */,
				A91421EB2C274ECA006A701E /* UIApplication.swift */,
				A9D4C2192C2CA99D00C91530 /* String+Extension.swift */,
				A909273E2C2DFE1300428408 /* Date+Extension.swift */,
			);
			path = Extensions;
			sourceTree = "<group>";
		};
		A9D25A6E2C1CD49F00F34A24 /* Core */ = {
			isa = PBXGroup;
			children = (
				A90927442C2E0B0B00428408 /* Launch */,
				A9D25A732C1CDD5300F34A24 /* Components */,
				A92C087F2C2AEBEB0025217B /* Home */,
				A92C08802C2AEBFD0025217B /* Detail */,
				A90927402C2E064F00428408 /* Setting */,
			);
			path = Core;
			sourceTree = "<group>";
		};
		A9D25A6F2C1CD4C400F34A24 /* ViewModels */ = {
			isa = PBXGroup;
			children = (
				A9019B302C20CED700EB6654 /* HomeViewModel.swift */,
			);
			path = ViewModels;
			sourceTree = "<group>";
		};
		A9D25A702C1CD4D100F34A24 /* Views */ = {
			isa = PBXGroup;
			children = (
				A9D25A712C1CD57500F34A24 /* HomeView.swift */,
				A95FD6902C28BB4C00195625 /* HomeStatsView.swift */,
				A9019B2C2C1F651C00EB6654 /* CoinRowView.swift */,
				A92C08722C2AB8710025217B /* PortfolioView.swift */,
			);
			path = Views;
			sourceTree = "<group>";
		};
		A9D25A732C1CDD5300F34A24 /* Components */ = {
			isa = PBXGroup;
			children = (
				A9F0213B2C24C34D006EC1CF /* CoinImage */,
				A9D25A742C1CDD7300F34A24 /* CircleButton */,
				A905717C2C260ED300CA1063 /* SearchBarView.swift */,
				A95FD68E2C28B8ED00195625 /* StatisticView.swift */,
				A92C08742C2ABED30025217B /* XMarkButton.swift */,
			);
			path = Components;
			sourceTree = "<group>";
		};
		A9D25A742C1CDD7300F34A24 /* CircleButton */ = {
			isa = PBXGroup;
			children = (
				A9D25A752C1CDDA600F34A24 /* CircleButtonView.swift */,
				A9297F9B2C1E212600089189 /* CircleButtonAnimationView.swift */,
			);
			path = CircleButton;
			sourceTree = "<group>";
		};
		A9F0213B2C24C34D006EC1CF /* CoinImage */ = {
			isa = PBXGroup;
			children = (
				A9F0213C2C24C363006EC1CF /* CoinImageView.swift */,
				A90571782C25FCE100CA1063 /* CoinImageViewModel.swift */,
				A92C08762C2ACB050025217B /* CoinLogoView.swift */,
			);
			path = CoinImage;
			sourceTree = "<group>";
		};
/* End PBXGroup section */

/* Begin PBXNativeTarget section */
		A9C63F282C1B8185000FB14A /* SampleCryptoApp */ = {
			isa = PBXNativeTarget;
			buildConfigurationList = A9C63F3C2C1B8186000FB14A /* Build configuration list for PBXNativeTarget "SampleCryptoApp" */;
			buildPhases = (
				A9C63F252C1B8185000FB14A /* Sources */,
				A9C63F262C1B8185000FB14A /* Frameworks */,
				A9C63F272C1B8185000FB14A /* Resources */,
			);
			buildRules = (
			);
			dependencies = (
			);
			name = SampleCryptoApp;
			productName = SampleCryptoApp;
			productReference = A9C63F292C1B8185000FB14A /* SampleCryptoApp.app */;
			productType = "com.apple.product-type.application";
		};
/* End PBXNativeTarget section */

/* Begin PBXProject section */
		A9C63F212C1B8185000FB14A /* Project object */ = {
			isa = PBXProject;
			attributes = {
				BuildIndependentTargetsInParallel = 1;
				LastSwiftUpdateCheck = 1540;
				LastUpgradeCheck = 1540;
				TargetAttributes = {
					A9C63F282C1B8185000FB14A = {
						CreatedOnToolsVersion = 15.4;
					};
				};
			};
			buildConfigurationList = A9C63F242C1B8185000FB14A /* Build configuration list for PBXProject "SampleCryptoApp" */;
			compatibilityVersion = "Xcode 14.0";
			developmentRegion = en;
			hasScannedForEncodings = 0;
			knownRegions = (
				en,
				Base,
			);
			mainGroup = A9C63F202C1B8185000FB14A;
			productRefGroup = A9C63F2A2C1B8185000FB14A /* Products */;
			projectDirPath = "";
			projectRoot = "";
			targets = (
				A9C63F282C1B8185000FB14A /* SampleCryptoApp */,
			);
		};
/* End PBXProject section */

/* Begin PBXResourcesBuildPhase section */
		A9C63F272C1B8185000FB14A /* Resources */ = {
			isa = PBXResourcesBuildPhase;
			buildActionMask = 2147483647;
			files = (
				A90927472C2E0B2C00428408 /* LaunchScreen.storyboard in Resources */,
				A9C63F402C1B8348000FB14A /* Assets.xcassets in Resources */,
				A9C63F342C1B8186000FB14A /* Preview Assets.xcassets in Resources */,
			);
			runOnlyForDeploymentPostprocessing = 0;
		};
/* End PBXResourcesBuildPhase section */

/* Begin PBXSourcesBuildPhase section */
		A9C63F252C1B8185000FB14A /* Sources */ = {
			isa = PBXSourcesBuildPhase;
			buildActionMask = 2147483647;
			files = (
				A92C087C2C2AD8EA0025217B /* PortfolioContainer.xcdatamodeld in Sources */,
				A95FD68D2C28B83A00195625 /* StatisticModel.swift in Sources */,
				A92C08792C2ACC470025217B /* PortfolioDataService.swift in Sources */,
				A909273D2C2DFDAB00428408 /* ChartView.swift in Sources */,
				A92C08712C29FADE0025217B /* MarketDataService.swift in Sources */,
				A92C08772C2ACB050025217B /* CoinLogoView.swift in Sources */,
				A90927432C2E06B700428408 /* SettingsView.swift in Sources */,
				A90927492C2E14B600428408 /* LaunchView.swift in Sources */,
				A95FD68F2C28B8ED00195625 /* StatisticView.swift in Sources */,
				A90571792C25FCE100CA1063 /* CoinImageViewModel.swift in Sources */,
				A9F0213D2C24C363006EC1CF /* CoinImageView.swift in Sources */,
				A9D4C2162C2CA8DC00C91530 /* CoinDetailModel.swift in Sources */,
				A9019B2D2C1F651C00EB6654 /* CoinRowView.swift in Sources */,
				A9019B342C22172C00EB6654 /* CoinDataService.swift in Sources */,
				A92C08732C2AB8710025217B /* PortfolioView.swift in Sources */,
				A9019B312C20CED700EB6654 /* HomeViewModel.swift in Sources */,
				A9297F9C2C1E212600089189 /* CircleButtonAnimationView.swift in Sources */,
				A92C08842C2AEC4B0025217B /* DetailView.swift in Sources */,
				A9019B2F2C1F6C5600EB6654 /* Double+Extension.swift in Sources */,
				A909273F2C2DFE1300428408 /* Date+Extension.swift in Sources */,
				A9D4C21A2C2CA99D00C91530 /* String+Extension.swift in Sources */,
				A9D4C21E2C2CAB1A00C91530 /* DetailViewModel.swift in Sources */,
				A905717B2C2602BD00CA1063 /* LocalFileManager.swift in Sources */,
				A9D25A722C1CD57500F34A24 /* HomeView.swift in Sources */,
				A95FD6912C28BB4C00195625 /* HomeStatsView.swift in Sources */,
				A91421EC2C274ECA006A701E /* UIApplication.swift in Sources */,
				A92C086F2C29F9480025217B /* MarketDataModel.swift in Sources */,
				A9C63F432C1B8455000FB14A /* Color+Extension.swift in Sources */,
				A9D25A762C1CDDA600F34A24 /* CircleButtonView.swift in Sources */,
				A9C63F2D2C1B8185000FB14A /* SampleCryptoAppApp.swift in Sources */,
				A9019B372C221DB800EB6654 /* NetworkingManager.swift in Sources */,
				A9297F9F2C1E267700089189 /* CoinModel.swift in Sources */,
				A92C087E2C2ADF6E0025217B /* HapticManager.swift in Sources */,
				A92C08752C2ABED30025217B /* XMarkButton.swift in Sources */,
				A9D4C21C2C2CAA4100C91530 /* CoinDetailDataService.swift in Sources */,
				A9F0213F2C24C5B9006EC1CF /* CoinImageService.swift in Sources */,
				A905717D2C260ED300CA1063 /* SearchBarView.swift in Sources */,
				A9019B2B2C1F63B200EB6654 /* PreviewProvider+Extension.swift in Sources */,
			);
			runOnlyForDeploymentPostprocessing = 0;
		};
/* End PBXSourcesBuildPhase section */

/* Begin XCBuildConfiguration section */
		A9C63F3A2C1B8186000FB14A /* Debug */ = {
			isa = XCBuildConfiguration;
			buildSettings = {
				ALWAYS_SEARCH_USER_PATHS = NO;
				ASSETCATALOG_COMPILER_GENERATE_SWIFT_ASSET_SYMBOL_EXTENSIONS = YES;
				CLANG_ANALYZER_NONNULL = YES;
				CLANG_ANALYZER_NUMBER_OBJECT_CONVERSION = YES_AGGRESSIVE;
				CLANG_CXX_LANGUAGE_STANDARD = "gnu++20";
				CLANG_ENABLE_MODULES = YES;
				CLANG_ENABLE_OBJC_ARC = YES;
				CLANG_ENABLE_OBJC_WEAK = YES;
				CLANG_WARN_BLOCK_CAPTURE_AUTORELEASING = YES;
				CLANG_WARN_BOOL_CONVERSION = YES;
				CLANG_WARN_COMMA = YES;
				CLANG_WARN_CONSTANT_CONVERSION = YES;
				CLANG_WARN_DEPRECATED_OBJC_IMPLEMENTATIONS = YES;
				CLANG_WARN_DIRECT_OBJC_ISA_USAGE = YES_ERROR;
				CLANG_WARN_DOCUMENTATION_COMMENTS = YES;
				CLANG_WARN_EMPTY_BODY = YES;
				CLANG_WARN_ENUM_CONVERSION = YES;
				CLANG_WARN_INFINITE_RECURSION = YES;
				CLANG_WARN_INT_CONVERSION = YES;
				CLANG_WARN_NON_LITERAL_NULL_CONVERSION = YES;
				CLANG_WARN_OBJC_IMPLICIT_RETAIN_SELF = YES;
				CLANG_WARN_OBJC_LITERAL_CONVERSION = YES;
				CLANG_WARN_OBJC_ROOT_CLASS = YES_ERROR;
				CLANG_WARN_QUOTED_INCLUDE_IN_FRAMEWORK_HEADER = YES;
				CLANG_WARN_RANGE_LOOP_ANALYSIS = YES;
				CLANG_WARN_STRICT_PROTOTYPES = YES;
				CLANG_WARN_SUSPICIOUS_MOVE = YES;
				CLANG_WARN_UNGUARDED_AVAILABILITY = YES_AGGRESSIVE;
				CLANG_WARN_UNREACHABLE_CODE = YES;
				CLANG_WARN__DUPLICATE_METHOD_MATCH = YES;
				COPY_PHASE_STRIP = NO;
				DEBUG_INFORMATION_FORMAT = dwarf;
				ENABLE_STRICT_OBJC_MSGSEND = YES;
				ENABLE_TESTABILITY = YES;
				ENABLE_USER_SCRIPT_SANDBOXING = YES;
				GCC_C_LANGUAGE_STANDARD = gnu17;
				GCC_DYNAMIC_NO_PIC = NO;
				GCC_NO_COMMON_BLOCKS = YES;
				GCC_OPTIMIZATION_LEVEL = 0;
				GCC_PREPROCESSOR_DEFINITIONS = (
					"DEBUG=1",
					"$(inherited)",
				);
				GCC_WARN_64_TO_32_BIT_CONVERSION = YES;
				GCC_WARN_ABOUT_RETURN_TYPE = YES_ERROR;
				GCC_WARN_UNDECLARED_SELECTOR = YES;
				GCC_WARN_UNINITIALIZED_AUTOS = YES_AGGRESSIVE;
				GCC_WARN_UNUSED_FUNCTION = YES;
				GCC_WARN_UNUSED_VARIABLE = YES;
				IPHONEOS_DEPLOYMENT_TARGET = 17.5;
				LOCALIZATION_PREFERS_STRING_CATALOGS = YES;
				MTL_ENABLE_DEBUG_INFO = INCLUDE_SOURCE;
				MTL_FAST_MATH = YES;
				ONLY_ACTIVE_ARCH = YES;
				SDKROOT = iphoneos;
				SWIFT_ACTIVE_COMPILATION_CONDITIONS = "DEBUG $(inherited)";
				SWIFT_OPTIMIZATION_LEVEL = "-Onone";
			};
			name = Debug;
		};
		A9C63F3B2C1B8186000FB14A /* Release */ = {
			isa = XCBuildConfiguration;
			buildSettings = {
				ALWAYS_SEARCH_USER_PATHS = NO;
				ASSETCATALOG_COMPILER_GENERATE_SWIFT_ASSET_SYMBOL_EXTENSIONS = YES;
				CLANG_ANALYZER_NONNULL = YES;
				CLANG_ANALYZER_NUMBER_OBJECT_CONVERSION = YES_AGGRESSIVE;
				CLANG_CXX_LANGUAGE_STANDARD = "gnu++20";
				CLANG_ENABLE_MODULES = YES;
				CLANG_ENABLE_OBJC_ARC = YES;
				CLANG_ENABLE_OBJC_WEAK = YES;
				CLANG_WARN_BLOCK_CAPTURE_AUTORELEASING = YES;
				CLANG_WARN_BOOL_CONVERSION = YES;
				CLANG_WARN_COMMA = YES;
				CLANG_WARN_CONSTANT_CONVERSION = YES;
				CLANG_WARN_DEPRECATED_OBJC_IMPLEMENTATIONS = YES;
				CLANG_WARN_DIRECT_OBJC_ISA_USAGE = YES_ERROR;
				CLANG_WARN_DOCUMENTATION_COMMENTS = YES;
				CLANG_WARN_EMPTY_BODY = YES;
				CLANG_WARN_ENUM_CONVERSION = YES;
				CLANG_WARN_INFINITE_RECURSION = YES;
				CLANG_WARN_INT_CONVERSION = YES;
				CLANG_WARN_NON_LITERAL_NULL_CONVERSION = YES;
				CLANG_WARN_OBJC_IMPLICIT_RETAIN_SELF = YES;
				CLANG_WARN_OBJC_LITERAL_CONVERSION = YES;
				CLANG_WARN_OBJC_ROOT_CLASS = YES_ERROR;
				CLANG_WARN_QUOTED_INCLUDE_IN_FRAMEWORK_HEADER = YES;
				CLANG_WARN_RANGE_LOOP_ANALYSIS = YES;
				CLANG_WARN_STRICT_PROTOTYPES = YES;
				CLANG_WARN_SUSPICIOUS_MOVE = YES;
				CLANG_WARN_UNGUARDED_AVAILABILITY = YES_AGGRESSIVE;
				CLANG_WARN_UNREACHABLE_CODE = YES;
				CLANG_WARN__DUPLICATE_METHOD_MATCH = YES;
				COPY_PHASE_STRIP = NO;
				DEBUG_INFORMATION_FORMAT = "dwarf-with-dsym";
				ENABLE_NS_ASSERTIONS = NO;
				ENABLE_STRICT_OBJC_MSGSEND = YES;
				ENABLE_USER_SCRIPT_SANDBOXING = YES;
				GCC_C_LANGUAGE_STANDARD = gnu17;
				GCC_NO_COMMON_BLOCKS = YES;
				GCC_WARN_64_TO_32_BIT_CONVERSION = YES;
				GCC_WARN_ABOUT_RETURN_TYPE = YES_ERROR;
				GCC_WARN_UNDECLARED_SELECTOR = YES;
				GCC_WARN_UNINITIALIZED_AUTOS = YES_AGGRESSIVE;
				GCC_WARN_UNUSED_FUNCTION = YES;
				GCC_WARN_UNUSED_VARIABLE = YES;
				IPHONEOS_DEPLOYMENT_TARGET = 17.5;
				LOCALIZATION_PREFERS_STRING_CATALOGS = YES;
				MTL_ENABLE_DEBUG_INFO = NO;
				MTL_FAST_MATH = YES;
				SDKROOT = iphoneos;
				SWIFT_COMPILATION_MODE = wholemodule;
				VALIDATE_PRODUCT = YES;
			};
			name = Release;
		};
		A9C63F3D2C1B8186000FB14A /* Debug */ = {
			isa = XCBuildConfiguration;
			buildSettings = {
				ASSETCATALOG_COMPILER_APPICON_NAME = AppIcon;
				ASSETCATALOG_COMPILER_GLOBAL_ACCENT_COLOR_NAME = AccentColor;
				CODE_SIGN_STYLE = Automatic;
				CURRENT_PROJECT_VERSION = 1;
				DEVELOPMENT_ASSET_PATHS = "\"SampleCryptoApp/Preview Content\"";
				DEVELOPMENT_TEAM = B3YXFTQFW9;
				ENABLE_PREVIEWS = YES;
				GENERATE_INFOPLIST_FILE = YES;
				INFOPLIST_KEY_CFBundleDisplayName = "Crypto watcher";
				INFOPLIST_KEY_UIApplicationSceneManifest_Generation = YES;
				INFOPLIST_KEY_UIApplicationSupportsIndirectInputEvents = YES;
				INFOPLIST_KEY_UILaunchStoryboardName = LaunchScreen.storyboard;
				INFOPLIST_KEY_UISupportedInterfaceOrientations = UIInterfaceOrientationPortrait;
				LD_RUNPATH_SEARCH_PATHS = (
					"$(inherited)",
					"@executable_path/Frameworks",
				);
				MARKETING_VERSION = 1.0;
				PRODUCT_BUNDLE_IDENTIFIER = com.app.blur.SampleCryptoApp;
				PRODUCT_NAME = "$(TARGET_NAME)";
				SWIFT_EMIT_LOC_STRINGS = YES;
				SWIFT_VERSION = 5.0;
				TARGETED_DEVICE_FAMILY = "1,2";
			};
			name = Debug;
		};
		A9C63F3E2C1B8186000FB14A /* Release */ = {
			isa = XCBuildConfiguration;
			buildSettings = {
				ASSETCATALOG_COMPILER_APPICON_NAME = AppIcon;
				ASSETCATALOG_COMPILER_GLOBAL_ACCENT_COLOR_NAME = AccentColor;
				CODE_SIGN_STYLE = Automatic;
				CURRENT_PROJECT_VERSION = 1;
				DEVELOPMENT_ASSET_PATHS = "\"SampleCryptoApp/Preview Content\"";
				DEVELOPMENT_TEAM = B3YXFTQFW9;
				ENABLE_PREVIEWS = YES;
				GENERATE_INFOPLIST_FILE = YES;
				INFOPLIST_KEY_CFBundleDisplayName = "Crypto watcher";
				INFOPLIST_KEY_UIApplicationSceneManifest_Generation = YES;
				INFOPLIST_KEY_UIApplicationSupportsIndirectInputEvents = YES;
				INFOPLIST_KEY_UILaunchStoryboardName = LaunchScreen.storyboard;
				INFOPLIST_KEY_UISupportedInterfaceOrientations = UIInterfaceOrientationPortrait;
				LD_RUNPATH_SEARCH_PATHS = (
					"$(inherited)",
					"@executable_path/Frameworks",
				);
				MARKETING_VERSION = 1.0;
				PRODUCT_BUNDLE_IDENTIFIER = com.app.blur.SampleCryptoApp;
				PRODUCT_NAME = "$(TARGET_NAME)";
				SWIFT_EMIT_LOC_STRINGS = YES;
				SWIFT_VERSION = 5.0;
				TARGETED_DEVICE_FAMILY = "1,2";
			};
			name = Release;
		};
/* End XCBuildConfiguration section */

/* Begin XCConfigurationList section */
		A9C63F242C1B8185000FB14A /* Build configuration list for PBXProject "SampleCryptoApp" */ = {
			isa = XCConfigurationList;
			buildConfigurations = (
				A9C63F3A2C1B8186000FB14A /* Debug */,
				A9C63F3B2C1B8186000FB14A /* Release */,
			);
			defaultConfigurationIsVisible = 0;
			defaultConfigurationName = Release;
		};
		A9C63F3C2C1B8186000FB14A /* Build configuration list for PBXNativeTarget "SampleCryptoApp" */ = {
			isa = XCConfigurationList;
			buildConfigurations = (
				A9C63F3D2C1B8186000FB14A /* Debug */,
				A9C63F3E2C1B8186000FB14A /* Release */,
			);
			defaultConfigurationIsVisible = 0;
			defaultConfigurationName = Release;
		};
/* End XCConfigurationList section */

/* Begin XCVersionGroup section */
		A92C087A2C2AD8EA0025217B /* PortfolioContainer.xcdatamodeld */ = {
			isa = XCVersionGroup;
			children = (
				A92C087B2C2AD8EA0025217B /* PortfolioContainer.xcdatamodel */,
			);
			currentVersion = A92C087B2C2AD8EA0025217B /* PortfolioContainer.xcdatamodel */;
			name = PortfolioContainer.xcdatamodeld;
			path = /Users/mohammadblur/Developer/SampleCryptoApp/SampleCryptoApp/Models/PortfolioContainer.xcdatamodeld;
			sourceTree = "<group>";
			versionGroupType = wrapper.xcdatamodel;
		};
/* End XCVersionGroup section */
	};
	rootObject = A9C63F212C1B8185000FB14A /* Project object */;
}
